// !$*UTF8*$!
{
	archiveVersion = 1;
	classes = {
	};
	objectVersion = 46;
	objects = {

/* Begin PBXBuildFile section */
		9CD1C5EB1EE7E28700DA88DE /* AppDelegate.swift in Sources */ = {isa = PBXBuildFile; fileRef = 9CD1C5EA1EE7E28700DA88DE /* AppDelegate.swift */; };
		9CD1C5ED1EE7E28700DA88DE /* ViewController.swift in Sources */ = {isa = PBXBuildFile; fileRef = 9CD1C5EC1EE7E28700DA88DE /* ViewController.swift */; };
		9CD1C5F01EE7E28700DA88DE /* Main.storyboard in Resources */ = {isa = PBXBuildFile; fileRef = 9CD1C5EE1EE7E28700DA88DE /* Main.storyboard */; };
		9CD1C5F21EE7E28700DA88DE /* Assets.xcassets in Resources */ = {isa = PBXBuildFile; fileRef = 9CD1C5F11EE7E28700DA88DE /* Assets.xcassets */; };
		9CD1C5F51EE7E28700DA88DE /* LaunchScreen.storyboard in Resources */ = {isa = PBXBuildFile; fileRef = 9CD1C5F31EE7E28700DA88DE /* LaunchScreen.storyboard */; };
		9CD1C6031EE7E6EE00DA88DE /* RefreshView.swift in Sources */ = {isa = PBXBuildFile; fileRef = 9CD1C6021EE7E6EE00DA88DE /* RefreshView.swift */; };
		9CD1C6051EE7F72C00DA88DE /* RefreshView_Header.swift in Sources */ = {isa = PBXBuildFile; fileRef = 9CD1C6041EE7F72C00DA88DE /* RefreshView_Header.swift */; };
		9CD1C6071EE7FC2E00DA88DE /* RefreshView_Header_Simple.swift in Sources */ = {isa = PBXBuildFile; fileRef = 9CD1C6061EE7FC2E00DA88DE /* RefreshView_Header_Simple.swift */; };
		9CD1C6091EE8009C00DA88DE /* RefreshPro.bundle in Resources */ = {isa = PBXBuildFile; fileRef = 9CD1C6081EE8009C00DA88DE /* RefreshPro.bundle */; };
/* End PBXBuildFile section */

/* Begin PBXFileReference section */
		9CD1C5E71EE7E28700DA88DE /* RefreshPro.app */ = {isa = PBXFileReference; explicitFileType = wrapper.application; includeInIndex = 0; path = RefreshPro.app; sourceTree = BUILT_PRODUCTS_DIR; };
		9CD1C5EA1EE7E28700DA88DE /* AppDelegate.swift */ = {isa = PBXFileReference; lastKnownFileType = sourcecode.swift; path = AppDelegate.swift; sourceTree = "<group>"; };
		9CD1C5EC1EE7E28700DA88DE /* ViewController.swift */ = {isa = PBXFileReference; lastKnownFileType = sourcecode.swift; path = ViewController.swift; sourceTree = "<group>"; };
		9CD1C5EF1EE7E28700DA88DE /* Base */ = {isa = PBXFileReference; lastKnownFileType = file.storyboard; name = Base; path = Base.lproj/Main.storyboard; sourceTree = "<group>"; };
		9CD1C5F11EE7E28700DA88DE /* Assets.xcassets */ = {isa = PBXFileReference; lastKnownFileType = folder.assetcatalog; path = Assets.xcassets; sourceTree = "<group>"; };
		9CD1C5F41EE7E28700DA88DE /* Base */ = {isa = PBXFileReference; lastKnownFileType = file.storyboard; name = Base; path = Base.lproj/LaunchScreen.storyboard; sourceTree = "<group>"; };
		9CD1C5F61EE7E28700DA88DE /* Info.plist */ = {isa = PBXFileReference; lastKnownFileType = text.plist.xml; path = Info.plist; sourceTree = "<group>"; };
		9CD1C5FE1EE7E5D000DA88DE /* README.md */ = {isa = PBXFileReference; lastKnownFileType = net.daringfireball.markdown; path = README.md; sourceTree = SOURCE_ROOT; };
		9CD1C6021EE7E6EE00DA88DE /* RefreshView.swift */ = {isa = PBXFileReference; fileEncoding = 4; lastKnownFileType = sourcecode.swift; path = RefreshView.swift; sourceTree = "<group>"; };
		9CD1C6041EE7F72C00DA88DE /* RefreshView_Header.swift */ = {isa = PBXFileReference; fileEncoding = 4; lastKnownFileType = sourcecode.swift; path = RefreshView_Header.swift; sourceTree = "<group>"; };
		9CD1C6061EE7FC2E00DA88DE /* RefreshView_Header_Simple.swift */ = {isa = PBXFileReference; fileEncoding = 4; lastKnownFileType = sourcecode.swift; path = RefreshView_Header_Simple.swift; sourceTree = "<group>"; };
		9CD1C6081EE8009C00DA88DE /* RefreshPro.bundle */ = {isa = PBXFileReference; lastKnownFileType = "wrapper.plug-in"; path = RefreshPro.bundle; sourceTree = "<group>"; };
/* End PBXFileReference section */

/* Begin PBXFrameworksBuildPhase section */
		9CD1C5E41EE7E28700DA88DE /* Frameworks */ = {
			isa = PBXFrameworksBuildPhase;
			buildActionMask = 2147483647;
			files = (
			);
			runOnlyForDeploymentPostprocessing = 0;
		};
/* End PBXFrameworksBuildPhase section */

/* Begin PBXGroup section */
		9CD1C5DE1EE7E28700DA88DE = {
			isa = PBXGroup;
			children = (
				9CD1C5E91EE7E28700DA88DE /* RefreshProProject */,
				9CD1C5E81EE7E28700DA88DE /* Products */,
			);
			sourceTree = "<group>";
		};
		9CD1C5E81EE7E28700DA88DE /* Products */ = {
			isa = PBXGroup;
			children = (
				9CD1C5E71EE7E28700DA88DE /* RefreshPro.app */,
			);
			name = Products;
			sourceTree = "<group>";
		};
		9CD1C5E91EE7E28700DA88DE /* RefreshProProject */ = {
			isa = PBXGroup;
			children = (
				9CD1C5FC1EE7E37200DA88DE /* Project Resources */,
				9CD1C5EE1EE7E28700DA88DE /* Main.storyboard */,
				9CD1C5EC1EE7E28700DA88DE /* ViewController.swift */,
				9CD1C5FE1EE7E5D000DA88DE /* README.md */,
				9CD1C5FD1EE7E5C200DA88DE /* RefreshPro */,
			);
			path = RefreshProProject;
			sourceTree = "<group>";
		};
		9CD1C5FC1EE7E37200DA88DE /* Project Resources */ = {
			isa = PBXGroup;
			children = (
				9CD1C5F61EE7E28700DA88DE /* Info.plist */,
				9CD1C5F31EE7E28700DA88DE /* LaunchScreen.storyboard */,
				9CD1C5F11EE7E28700DA88DE /* Assets.xcassets */,
				9CD1C5EA1EE7E28700DA88DE /* AppDelegate.swift */,
			);
			name = "Project Resources";
			sourceTree = "<group>";
		};
		9CD1C5FD1EE7E5C200DA88DE /* RefreshPro */ = {
			isa = PBXGroup;
			children = (
				9CD1C6001EE7E6DD00DA88DE /* Refresh */,
				9CD1C5FF1EE7E6DD00DA88DE /* Empty */,
				9CD1C6011EE7E6DD00DA88DE /* Resource */,
			);
			path = RefreshPro;
			sourceTree = SOURCE_ROOT;
		};
		9CD1C5FF1EE7E6DD00DA88DE /* Empty */ = {
			isa = PBXGroup;
			children = (
			);
			path = Empty;
			sourceTree = "<group>";
		};
		9CD1C6001EE7E6DD00DA88DE /* Refresh */ = {
			isa = PBXGroup;
			children = (
				9CD1C6021EE7E6EE00DA88DE /* RefreshView.swift */,
				9CD1C6041EE7F72C00DA88DE /* RefreshView_Header.swift */,
				9CD1C6061EE7FC2E00DA88DE /* RefreshView_Header_Simple.swift */,
			);
			path = Refresh;
			sourceTree = "<group>";
		};
		9CD1C6011EE7E6DD00DA88DE /* Resource */ = {
			isa = PBXGroup;
			children = (
				9CD1C6081EE8009C00DA88DE /* RefreshPro.bundle */,
			);
			path = Resource;
			sourceTree = "<group>";
		};
/* End PBXGroup section */

/* Begin PBXNativeTarget section */
		9CD1C5E61EE7E28700DA88DE /* RefreshPro */ = {
			isa = PBXNativeTarget;
			buildConfigurationList = 9CD1C5F91EE7E28700DA88DE /* Build configuration list for PBXNativeTarget "RefreshPro" */;
			buildPhases = (
				9CD1C5E31EE7E28700DA88DE /* Sources */,
				9CD1C5E41EE7E28700DA88DE /* Frameworks */,
				9CD1C5E51EE7E28700DA88DE /* Resources */,
			);
			buildRules = (
			);
			dependencies = (
			);
			name = RefreshPro;
			productName = RefreshPro;
			productReference = 9CD1C5E71EE7E28700DA88DE /* RefreshPro.app */;
			productType = "com.apple.product-type.application";
		};
/* End PBXNativeTarget section */

/* Begin PBXProject section */
		9CD1C5DF1EE7E28700DA88DE /* Project object */ = {
			isa = PBXProject;
			attributes = {
				LastSwiftUpdateCheck = 0830;
				LastUpgradeCheck = 0830;
				ORGANIZATIONNAME = Myron;
				TargetAttributes = {
					9CD1C5E61EE7E28700DA88DE = {
						CreatedOnToolsVersion = 8.3.3;
						DevelopmentTeam = 9X2EVZ736U;
						ProvisioningStyle = Automatic;
					};
				};
			};
			buildConfigurationList = 9CD1C5E21EE7E28700DA88DE /* Build configuration list for PBXProject "RefreshPro" */;
			compatibilityVersion = "Xcode 3.2";
			developmentRegion = English;
			hasScannedForEncodings = 0;
			knownRegions = (
				en,
				Base,
			);
			mainGroup = 9CD1C5DE1EE7E28700DA88DE;
			productRefGroup = 9CD1C5E81EE7E28700DA88DE /* Products */;
			projectDirPath = "";
			projectRoot = "";
			targets = (
				9CD1C5E61EE7E28700DA88DE /* RefreshPro */,
			);
		};
/* End PBXProject section */

/* Begin PBXResourcesBuildPhase section */
		9CD1C5E51EE7E28700DA88DE /* Resources */ = {
			isa = PBXResourcesBuildPhase;
			buildActionMask = 2147483647;
			files = (
				9CD1C5F51EE7E28700DA88DE /* LaunchScreen.storyboard in Resources */,
				9CD1C6091EE8009C00DA88DE /* RefreshPro.bundle in Resources */,
				9CD1C5F21EE7E28700DA88DE /* Assets.xcassets in Resources */,
				9CD1C5F01EE7E28700DA88DE /* Main.storyboard in Resources */,
			);
			runOnlyForDeploymentPostprocessing = 0;
		};
/* End PBXResourcesBuildPhase section */

/* Begin PBXSourcesBuildPhase section */
		9CD1C5E31EE7E28700DA88DE /* Sources */ = {
			isa = PBXSourcesBuildPhase;
			buildActionMask = 2147483647;
			files = (
				9CD1C6071EE7FC2E00DA88DE /* RefreshView_Header_Simple.swift in Sources */,
				9CD1C6031EE7E6EE00DA88DE /* RefreshView.swift in Sources */,
				9CD1C6051EE7F72C00DA88DE /* RefreshView_Header.swift in Sources */,
				9CD1C5ED1EE7E28700DA88DE /* ViewController.swift in Sources */,
				9CD1C5EB1EE7E28700DA88DE /* AppDelegate.swift in Sources */,
			);
			runOnlyForDeploymentPostprocessing = 0;
		};
/* End PBXSourcesBuildPhase section */

/* Begin PBXVariantGroup section */
		9CD1C5EE1EE7E28700DA88DE /* Main.storyboard */ = {
			isa = PBXVariantGroup;
			children = (
				9CD1C5EF1EE7E28700DA88DE /* Base */,
			);
			name = Main.storyboard;
			sourceTree = "<group>";
		};
		9CD1C5F31EE7E28700DA88DE /* LaunchScreen.storyboard */ = {
			isa = PBXVariantGroup;
			children = (
				9CD1C5F41EE7E28700DA88DE /* Base */,
			);
			name = LaunchScreen.storyboard;
			sourceTree = "<group>";
		};
/* End PBXVariantGroup section */

/* Begin XCBuildConfiguration section */
		9CD1C5F71EE7E28700DA88DE /* Debug */ = {
			isa = XCBuildConfiguration;
			buildSettings = {
				ALWAYS_SEARCH_USER_PATHS = NO;
				CLANG_ANALYZER_NONNULL = YES;
				CLANG_ANALYZER_NUMBER_OBJECT_CONVERSION = YES_AGGRESSIVE;
				CLANG_CXX_LANGUAGE_STANDARD = "gnu++0x";
				CLANG_CXX_LIBRARY = "libc++";
				CLANG_ENABLE_MODULES = YES;
				CLANG_ENABLE_OBJC_ARC = YES;
				CLANG_WARN_BOOL_CONVERSION = YES;
				CLANG_WARN_CONSTANT_CONVERSION = YES;
				CLANG_WARN_DIRECT_OBJC_ISA_USAGE = YES_ERROR;
				CLANG_WARN_DOCUMENTATION_COMMENTS = YES;
				CLANG_WARN_EMPTY_BODY = YES;
				CLANG_WARN_ENUM_CONVERSION = YES;
				CLANG_WARN_INFINITE_RECURSION = YES;
				CLANG_WARN_INT_CONVERSION = YES;
				CLANG_WARN_OBJC_ROOT_CLASS = YES_ERROR;
				CLANG_WARN_SUSPICIOUS_MOVE = YES;
				CLANG_WARN_UNREACHABLE_CODE = YES;
				CLANG_WARN__DUPLICATE_METHOD_MATCH = YES;
				"CODE_SIGN_IDENTITY[sdk=iphoneos*]" = "iPhone Developer";
				COPY_PHASE_STRIP = NO;
				DEBUG_INFORMATION_FORMAT = dwarf;
				ENABLE_STRICT_OBJC_MSGSEND = YES;
				ENABLE_TESTABILITY = YES;
				GCC_C_LANGUAGE_STANDARD = gnu99;
				GCC_DYNAMIC_NO_PIC = NO;
				GCC_NO_COMMON_BLOCKS = YES;
				GCC_OPTIMIZATION_LEVEL = 0;
				GCC_PREPROCESSOR_DEFINITIONS = (
					"DEBUG=1",
					"$(inherited)",
				);
				GCC_WARN_64_TO_32_BIT_CONVERSION = YES;
				GCC_WARN_ABOUT_RETURN_TYPE = YES_ERROR;
				GCC_WARN_UNDECLARED_SELECTOR = YES;
				GCC_WARN_UNINITIALIZED_AUTOS = YES_AGGRESSIVE;
				GCC_WARN_UNUSED_FUNCTION = YES;
				GCC_WARN_UNUSED_VARIABLE = YES;
				IPHONEOS_DEPLOYMENT_TARGET = 10.3;
				MTL_ENABLE_DEBUG_INFO = YES;
				ONLY_ACTIVE_ARCH = YES;
				SDKROOT = iphoneos;
				SWIFT_ACTIVE_COMPILATION_CONDITIONS = DEBUG;
				SWIFT_OPTIMIZATION_LEVEL = "-Onone";
				TARGETED_DEVICE_FAMILY = "1,2";
			};
			name = Debug;
		};
		9CD1C5F81EE7E28700DA88DE /* Release */ = {
			isa = XCBuildConfiguration;
			buildSettings = {
				ALWAYS_SEARCH_USER_PATHS = NO;
				CLANG_ANALYZER_NONNULL = YES;
				CLANG_ANALYZER_NUMBER_OBJECT_CONVERSION = YES_AGGRESSIVE;
				CLANG_CXX_LANGUAGE_STANDARD = "gnu++0x";
				CLANG_CXX_LIBRARY = "libc++";
				CLANG_ENABLE_MODULES = YES;
				CLANG_ENABLE_OBJC_ARC = YES;
				CLANG_WARN_BOOL_CONVERSION = YES;
				CLANG_WARN_CONSTANT_CONVERSION = YES;
				CLANG_WARN_DIRECT_OBJC_ISA_USAGE = YES_ERROR;
				CLANG_WARN_DOCUMENTATION_COMMENTS = YES;
				CLANG_WARN_EMPTY_BODY = YES;
				CLANG_WARN_ENUM_CONVERSION = YES;
				CLANG_WARN_INFINITE_RECURSION = YES;
				CLANG_WARN_INT_CONVERSION = YES;
				CLANG_WARN_OBJC_ROOT_CLASS = YES_ERROR;
				CLANG_WARN_SUSPICIOUS_MOVE = YES;
				CLANG_WARN_UNREACHABLE_CODE = YES;
				CLANG_WARN__DUPLICATE_METHOD_MATCH = YES;
				"CODE_SIGN_IDENTITY[sdk=iphoneos*]" = "iPhone Developer";
				COPY_PHASE_STRIP = NO;
				DEBUG_INFORMATION_FORMAT = "dwarf-with-dsym";
				ENABLE_NS_ASSERTIONS = NO;
				ENABLE_STRICT_OBJC_MSGSEND = YES;
				GCC_C_LANGUAGE_STANDARD = gnu99;
				GCC_NO_COMMON_BLOCKS = YES;
				GCC_WARN_64_TO_32_BIT_CONVERSION = YES;
				GCC_WARN_ABOUT_RETURN_TYPE = YES_ERROR;
				GCC_WARN_UNDECLARED_SELECTOR = YES;
				GCC_WARN_UNINITIALIZED_AUTOS = YES_AGGRESSIVE;
				GCC_WARN_UNUSED_FUNCTION = YES;
				GCC_WARN_UNUSED_VARIABLE = YES;
				IPHONEOS_DEPLOYMENT_TARGET = 10.3;
				MTL_ENABLE_DEBUG_INFO = NO;
				SDKROOT = iphoneos;
				SWIFT_OPTIMIZATION_LEVEL = "-Owholemodule";
				TARGETED_DEVICE_FAMILY = "1,2";
				VALIDATE_PRODUCT = YES;
			};
			name = Release;
		};
		9CD1C5FA1EE7E28700DA88DE /* Debug */ = {
			isa = XCBuildConfiguration;
			buildSettings = {
				ASSETCATALOG_COMPILER_APPICON_NAME = AppIcon;
				DEVELOPMENT_TEAM = 9X2EVZ736U;
				INFOPLIST_FILE = "$(SRCROOT)/RefreshProProject/Info.plist";
				IPHONEOS_DEPLOYMENT_TARGET = 8.0;
				LD_RUNPATH_SEARCH_PATHS = "$(inherited) @executable_path/Frameworks";
				PRODUCT_BUNDLE_IDENTIFIER = myron.RefreshPro;
				PRODUCT_NAME = "$(TARGET_NAME)";
				SWIFT_VERSION = 3.0;
			};
			name = Debug;
		};
		9CD1C5FB1EE7E28700DA88DE /* Release */ = {
			isa = XCBuildConfiguration;
			buildSettings = {
				ASSETCATALOG_COMPILER_APPICON_NAME = AppIcon;
				DEVELOPMENT_TEAM = 9X2EVZ736U;
				INFOPLIST_FILE = "$(SRCROOT)/RefreshProProject/Info.plist";
				IPHONEOS_DEPLOYMENT_TARGET = 8.0;
				LD_RUNPATH_SEARCH_PATHS = "$(inherited) @executable_path/Frameworks";
				PRODUCT_BUNDLE_IDENTIFIER = myron.RefreshPro;
				PRODUCT_NAME = "$(TARGET_NAME)";
				SWIFT_VERSION = 3.0;
			};
			name = Release;
		};
/* End XCBuildConfiguration section */

/* Begin XCConfigurationList section */
		9CD1C5E21EE7E28700DA88DE /* Build configuration list for PBXProject "RefreshPro" */ = {
			isa = XCConfigurationList;
			buildConfigurations = (
				9CD1C5F71EE7E28700DA88DE /* Debug */,
				9CD1C5F81EE7E28700DA88DE /* Release */,
			);
			defaultConfigurationIsVisible = 0;
			defaultConfigurationName = Release;
		};
		9CD1C5F91EE7E28700DA88DE /* Build configuration list for PBXNativeTarget "RefreshPro" */ = {
			isa = XCConfigurationList;
			buildConfigurations = (
				9CD1C5FA1EE7E28700DA88DE /* Debug */,
				9CD1C5FB1EE7E28700DA88DE /* Release */,
			);
			defaultConfigurationIsVisible = 0;
			defaultConfigurationName = Release;
		};
/* End XCConfigurationList section */
	};
	rootObject = 9CD1C5DF1EE7E28700DA88DE /* Project object */;
}
